
Microsoft Visual Studio Solution File, Format Version 12.00
# Visual Studio Version 17
VisualStudioVersion = 17.12.35707.178
MinimumVisualStudioVersion = 10.0.40219.1
Project("{8BC9CEB8-8B4A-11D0-8D11-00A0C91BC942}") = "MFC-1", "MFC-1\MFC-1.vcxproj", "{F42BDC6C-9941-4086-B25F-3416A1A2DDD5}"
EndProject
Project("{8BC9CEB8-8B4A-11D0-8D11-00A0C91BC942}") = "MFC-2_DDA", "MFC-2_DDA\MFC-2_DDA.vcxproj", "{C7F4D9F1-8187-4D65-9FE8-57789D463A2C}"
EndProject
Project("{8BC9CEB8-8B4A-11D0-8D11-00A0C91BC942}") = "MFC-2_Bres", "MFC-2_Bres\MFC-2_Bres.vcxproj", "{2D5B7A47-7FBD-4685-A03F-949AE23ADD19}"
EndProject
Project("{8BC9CEB8-8B4A-11D0-8D11-00A0C91BC942}") = "MFC-3_Bresenham", "MFC-3_Bresenham\MFC-3_Bresenham.vcxproj", "{5A4906D5-B8CE-93F1-B883-F2EE3D7D48A2}"
EndProject
Project("{8BC9CEB8-8B4A-11D0-8D11-00A0C91BC942}") = "MFC-3_Wu", "MFC-3_Wu\MFC-3_Wu.vcxproj", "{05CCE0BB-9E58-C0CA-6117-7C1285BD107C}"
EndProject
Project("{8BC9CEB8-8B4A-11D0-8D11-00A0C91BC942}") = "MFC-4_PolyFill", "MFC-4_PolyFill\MFC-4_PolyFill.vcxproj", "{0DAD9460-5A64-AD67-D190-1BFB527FE944}"
EndProject
Project("{8BC9CEB8-8B4A-11D0-8D11-00A0C91BC942}") = "MFC-5_SeedFill", "MFC-5_SeedFill\MFC-5_SeedFill.vcxproj", "{84AE70E3-67A3-F597-AB16-85E5EE8EF409}"
EndProject
Project("{8BC9CEB8-8B4A-11D0-8D11-00A0C91BC942}") = "MFC-6_CohenSu", "MFC-6_CohenSu\MFC-6_CohenSu.vcxproj", "{16BE3EBA-5C07-42AC-73C2-7D5B07146846}"
EndProject
Global
	GlobalSection(SolutionConfigurationPlatforms) = preSolution
		Debug|x64 = Debug|x64
		Debug|x86 = Debug|x86
		Release|x64 = Release|x64
		Release|x86 = Release|x86
	EndGlobalSection
	GlobalSection(ProjectConfigurationPlatforms) = postSolution
		{F42BDC6C-9941-4086-B25F-3416A1A2DDD5}.Debug|x64.ActiveCfg = Debug|x64
		{F42BDC6C-9941-4086-B25F-3416A1A2DDD5}.Debug|x64.Build.0 = Debug|x64
		{F42BDC6C-9941-4086-B25F-3416A1A2DDD5}.Debug|x86.ActiveCfg = Debug|Win32
		{F42BDC6C-9941-4086-B25F-3416A1A2DDD5}.Debug|x86.Build.0 = Debug|Win32
		{F42BDC6C-9941-4086-B25F-3416A1A2DDD5}.Release|x64.ActiveCfg = Release|x64
		{F42BDC6C-9941-4086-B25F-3416A1A2DDD5}.Release|x64.Build.0 = Release|x64
		{F42BDC6C-9941-4086-B25F-3416A1A2DDD5}.Release|x86.ActiveCfg = Release|Win32
		{F42BDC6C-9941-4086-B25F-3416A1A2DDD5}.Release|x86.Build.0 = Release|Win32
		{C7F4D9F1-8187-4D65-9FE8-57789D463A2C}.Debug|x64.ActiveCfg = Debug|x64
		{C7F4D9F1-8187-4D65-9FE8-57789D463A2C}.Debug|x64.Build.0 = Debug|x64
		{C7F4D9F1-8187-4D65-9FE8-57789D463A2C}.Debug|x86.ActiveCfg = Debug|Win32
		{C7F4D9F1-8187-4D65-9FE8-57789D463A2C}.Debug|x86.Build.0 = Debug|Win32
		{C7F4D9F1-8187-4D65-9FE8-57789D463A2C}.Release|x64.ActiveCfg = Release|x64
		{C7F4D9F1-8187-4D65-9FE8-57789D463A2C}.Release|x64.Build.0 = Release|x64
		{C7F4D9F1-8187-4D65-9FE8-57789D463A2C}.Release|x86.ActiveCfg = Release|Win32
		{C7F4D9F1-8187-4D65-9FE8-57789D463A2C}.Release|x86.Build.0 = Release|Win32
		{2D5B7A47-7FBD-4685-A03F-949AE23ADD19}.Debug|x64.ActiveCfg = Debug|x64
		{2D5B7A47-7FBD-4685-A03F-949AE23ADD19}.Debug|x64.Build.0 = Debug|x64
		{2D5B7A47-7FBD-4685-A03F-949AE23ADD19}.Debug|x86.ActiveCfg = Debug|Win32
		{2D5B7A47-7FBD-4685-A03F-949AE23ADD19}.Debug|x86.Build.0 = Debug|Win32
		{2D5B7A47-7FBD-4685-A03F-949AE23ADD19}.Release|x64.ActiveCfg = Release|x64
		{2D5B7A47-7FBD-4685-A03F-949AE23ADD19}.Release|x64.Build.0 = Release|x64
		{2D5B7A47-7FBD-4685-A03F-949AE23ADD19}.Release|x86.ActiveCfg = Release|Win32
		{2D5B7A47-7FBD-4685-A03F-949AE23ADD19}.Release|x86.Build.0 = Release|Win32
		{5A4906D5-B8CE-93F1-B883-F2EE3D7D48A2}.Debug|x64.ActiveCfg = Debug|x64
		{5A4906D5-B8CE-93F1-B883-F2EE3D7D48A2}.Debug|x64.Build.0 = Debug|x64
		{5A4906D5-B8CE-93F1-B883-F2EE3D7D48A2}.Debug|x86.ActiveCfg = Debug|Win32
		{5A4906D5-B8CE-93F1-B883-F2EE3D7D48A2}.Debug|x86.Build.0 = Debug|Win32
		{5A4906D5-B8CE-93F1-B883-F2EE3D7D48A2}.Release|x64.ActiveCfg = Release|x64
		{5A4906D5-B8CE-93F1-B883-F2EE3D7D48A2}.Release|x64.Build.0 = Release|x64
		{5A4906D5-B8CE-93F1-B883-F2EE3D7D48A2}.Release|x86.ActiveCfg = Release|Win32
		{5A4906D5-B8CE-93F1-B883-F2EE3D7D48A2}.Release|x86.Build.0 = Release|Win32
		{05CCE0BB-9E58-C0CA-6117-7C1285BD107C}.Debug|x64.ActiveCfg = Debug|x64
		{05CCE0BB-9E58-C0CA-6117-7C1285BD107C}.Debug|x64.Build.0 = Debug|x64
		{05CCE0BB-9E58-C0CA-6117-7C1285BD107C}.Debug|x86.ActiveCfg = Debug|Win32
		{05CCE0BB-9E58-C0CA-6117-7C1285BD107C}.Debug|x86.Build.0 = Debug|Win32
		{05CCE0BB-9E58-C0CA-6117-7C1285BD107C}.Release|x64.ActiveCfg = Release|x64
		{05CCE0BB-9E58-C0CA-6117-7C1285BD107C}.Release|x64.Build.0 = Release|x64
		{05CCE0BB-9E58-C0CA-6117-7C1285BD107C}.Release|x86.ActiveCfg = Release|Win32
		{05CCE0BB-9E58-C0CA-6117-7C1285BD107C}.Release|x86.Build.0 = Release|Win32
		{0DAD9460-5A64-AD67-D190-1BFB527FE944}.Debug|x64.ActiveCfg = Debug|x64
		{0DAD9460-5A64-AD67-D190-1BFB527FE944}.Debug|x64.Build.0 = Debug|x64
		{0DAD9460-5A64-AD67-D190-1BFB527FE944}.Debug|x86.ActiveCfg = Debug|Win32
		{0DAD9460-5A64-AD67-D190-1BFB527FE944}.Debug|x86.Build.0 = Debug|Win32
		{0DAD9460-5A64-AD67-D190-1BFB527FE944}.Release|x64.ActiveCfg = Release|x64
		{0DAD9460-5A64-AD67-D190-1BFB527FE944}.Release|x64.Build.0 = Release|x64
		{0DAD9460-5A64-AD67-D190-1BFB527FE944}.Release|x86.ActiveCfg = Release|Win32
		{0DAD9460-5A64-AD67-D190-1BFB527FE944}.Release|x86.Build.0 = Release|Win32
		{84AE70E3-67A3-F597-AB16-85E5EE8EF409}.Debug|x64.ActiveCfg = Debug|x64
		{84AE70E3-67A3-F597-AB16-85E5EE8EF409}.Debug|x64.Build.0 = Debug|x64
		{84AE70E3-67A3-F597-AB16-85E5EE8EF409}.Debug|x86.ActiveCfg = Debug|Win32
		{84AE70E3-67A3-F597-AB16-85E5EE8EF409}.Debug|x86.Build.0 = Debug|Win32
		{84AE70E3-67A3-F597-AB16-85E5EE8EF409}.Release|x64.ActiveCfg = Release|x64
		{84AE70E3-67A3-F597-AB16-85E5EE8EF409}.Release|x64.Build.0 = Release|x64
		{84AE70E3-67A3-F597-AB16-85E5EE8EF409}.Release|x86.ActiveCfg = Release|Win32
		{84AE70E3-67A3-F597-AB16-85E5EE8EF409}.Release|x86.Build.0 = Release|Win32
		{16BE3EBA-5C07-42AC-73C2-7D5B07146846}.Debug|x64.ActiveCfg = Debug|x64
		{16BE3EBA-5C07-42AC-73C2-7D5B07146846}.Debug|x64.Build.0 = Debug|x64
		{16BE3EBA-5C07-42AC-73C2-7D5B07146846}.Debug|x86.ActiveCfg = Debug|Win32
		{16BE3EBA-5C07-42AC-73C2-7D5B07146846}.Debug|x86.Build.0 = Debug|Win32
		{16BE3EBA-5C07-42AC-73C2-7D5B07146846}.Release|x64.ActiveCfg = Release|x64
		{16BE3EBA-5C07-42AC-73C2-7D5B07146846}.Release|x64.Build.0 = Release|x64
		{16BE3EBA-5C07-42AC-73C2-7D5B07146846}.Release|x86.ActiveCfg = Release|Win32
		{16BE3EBA-5C07-42AC-73C2-7D5B07146846}.Release|x86.Build.0 = Release|Win32
	EndGlobalSection
	GlobalSection(SolutionProperties) = preSolution
		HideSolutionNode = FALSE
	EndGlobalSection
EndGlobal
